
Microsoft Visual Studio Solution File, Format Version 12.00
# Visual Studio Version 16
VisualStudioVersion = 16.0.29905.134
MinimumVisualStudioVersion = 10.0.40219.1
Project("{FAE04EC0-301F-11D3-BF4B-00C04F79EFBC}") = "wasp-osokin", "wasp-osokin\wasp-osokin.csproj", "{D00DC6DD-3AA1-40B1-9A25-996A1AE05677}"
EndProject
Global
	GlobalSection(SolutionConfigurationPlatforms) = preSolution
		Debug|Any CPU = Debug|Any CPU
		Release|Any CPU = Release|Any CPU
	EndGlobalSection
	GlobalSection(ProjectConfigurationPlatforms) = postSolution
		{D00DC6DD-3AA1-40B1-9A25-996A1AE05677}.Debug|Any CPU.ActiveCfg = Debug|Any CPU
		{D00DC6DD-3AA1-40B1-9A25-996A1AE05677}.Debug|Any CPU.Build.0 = Debug|Any CPU
		{D00DC6DD-3AA1-40B1-9A25-996A1AE05677}.Release|Any CPU.ActiveCfg = Release|Any CPU
		{D00DC6DD-3AA1-40B1-9A25-996A1AE05677}.Release|Any CPU.Build.0 = Release|Any CPU
	EndGlobalSection
	GlobalSection(SolutionProperties) = preSolution
		HideSolutionNode = FALSE
	EndGlobalSection
	GlobalSection(ExtensibilityGlobals) = postSolution
		SolutionGuid = {60B43C75-AAC4-4296-A14A-1D641BEE4501}
	EndGlobalSection
EndGlobal
